
Microsoft Visual Studio Solution File, Format Version 12.00
Project("{FAE04EC0-301F-11D3-BF4B-00C04F79EFBC}") = "KeyboardRacer", "KeyboardRacer\KeyboardRacer.csproj", "{BFB6D5F1-6E31-4229-8717-C04DFC607BBD}"
EndProject
Project("{FAE04EC0-301F-11D3-BF4B-00C04F79EFBC}") = "Launcher", "Launcher\Launcher.csproj", "{F1A829D7-C27F-4729-82B6-AFA5344A1F50}"
EndProject
Global
	GlobalSection(SolutionConfigurationPlatforms) = preSolution
		Debug|Any CPU = Debug|Any CPU
		Release|Any CPU = Release|Any CPU
	EndGlobalSection
	GlobalSection(ProjectConfigurationPlatforms) = postSolution
		{BFB6D5F1-6E31-4229-8717-C04DFC607BBD}.Debug|Any CPU.ActiveCfg = Debug|Any CPU
		{BFB6D5F1-6E31-4229-8717-C04DFC607BBD}.Debug|Any CPU.Build.0 = Debug|Any CPU
		{BFB6D5F1-6E31-4229-8717-C04DFC607BBD}.Release|Any CPU.ActiveCfg = Release|Any CPU
		{BFB6D5F1-6E31-4229-8717-C04DFC607BBD}.Release|Any CPU.Build.0 = Release|Any CPU
		{F1A829D7-C27F-4729-82B6-AFA5344A1F50}.Debug|Any CPU.ActiveCfg = Debug|Any CPU
		{F1A829D7-C27F-4729-82B6-AFA5344A1F50}.Debug|Any CPU.Build.0 = Debug|Any CPU
		{F1A829D7-C27F-4729-82B6-AFA5344A1F50}.Release|Any CPU.ActiveCfg = Release|Any CPU
		{F1A829D7-C27F-4729-82B6-AFA5344A1F50}.Release|Any CPU.Build.0 = Release|Any CPU
	EndGlobalSection
EndGlobal
